
Microsoft Visual Studio Solution File, Format Version 12.00
# Visual Studio Version 16
VisualStudioVersion = 16.0.31702.278
MinimumVisualStudioVersion = 10.0.40219.1
Project("{FAE04EC0-301F-11D3-BF4B-00C04F79EFBC}") = "Homework_2_1", "Homework_2_1\Homework_2_1.csproj", "{33F97E93-7518-4E7C-A068-B148A851EADE}"
EndProject
Global
	GlobalSection(SolutionConfigurationPlatforms) = preSolution
		Debug|Any CPU = Debug|Any CPU
		Release|Any CPU = Release|Any CPU
	EndGlobalSection
	GlobalSection(ProjectConfigurationPlatforms) = postSolution
		{33F97E93-7518-4E7C-A068-B148A851EADE}.Debug|Any CPU.ActiveCfg = Debug|Any CPU
		{33F97E93-7518-4E7C-A068-B148A851EADE}.Debug|Any CPU.Build.0 = Debug|Any CPU
		{33F97E93-7518-4E7C-A068-B148A851EADE}.Release|Any CPU.ActiveCfg = Release|Any CPU
		{33F97E93-7518-4E7C-A068-B148A851EADE}.Release|Any CPU.Build.0 = Release|Any CPU
	EndGlobalSection
	GlobalSection(SolutionProperties) = preSolution
		HideSolutionNode = FALSE
	EndGlobalSection
	GlobalSection(ExtensibilityGlobals) = postSolution
		SolutionGuid = {8DEC155D-92AA-47C1-93AB-757CF43FF992}
	EndGlobalSection
EndGlobal
