
Microsoft Visual Studio Solution File, Format Version 12.00
# Visual Studio Version 16
VisualStudioVersion = 16.0.31702.278
MinimumVisualStudioVersion = 10.0.40219.1
Project("{FAE04EC0-301F-11D3-BF4B-00C04F79EFBC}") = "Homework_2_4", "Homework_2_4\Homework_2_4.csproj", "{EC1BD3C2-8D8A-4BB8-82F7-FCD06B304817}"
EndProject
Global
	GlobalSection(SolutionConfigurationPlatforms) = preSolution
		Debug|Any CPU = Debug|Any CPU
		Release|Any CPU = Release|Any CPU
	EndGlobalSection
	GlobalSection(ProjectConfigurationPlatforms) = postSolution
		{EC1BD3C2-8D8A-4BB8-82F7-FCD06B304817}.Debug|Any CPU.ActiveCfg = Debug|Any CPU
		{EC1BD3C2-8D8A-4BB8-82F7-FCD06B304817}.Debug|Any CPU.Build.0 = Debug|Any CPU
		{EC1BD3C2-8D8A-4BB8-82F7-FCD06B304817}.Release|Any CPU.ActiveCfg = Release|Any CPU
		{EC1BD3C2-8D8A-4BB8-82F7-FCD06B304817}.Release|Any CPU.Build.0 = Release|Any CPU
	EndGlobalSection
	GlobalSection(SolutionProperties) = preSolution
		HideSolutionNode = FALSE
	EndGlobalSection
	GlobalSection(ExtensibilityGlobals) = postSolution
		SolutionGuid = {61632072-EAFB-46E2-82FD-729CC8A0671D}
	EndGlobalSection
EndGlobal
